// !$*UTF8*$!
{
	archiveVersion = 1;
	classes = {
	};
	objectVersion = 77;
	objects = {

/* Begin PBXBuildFile section */
		B2DE663C2E04F3C3001FD04D /* ContentView.swift in Sources */ = {isa = PBXBuildFile; fileRef = B2DE66392E04F3C3001FD04D /* ContentView.swift */; };
		B2DE663D2E04F3C3001FD04D /* interviewProjectApp.swift in Sources */ = {isa = PBXBuildFile; fileRef = B2DE663A2E04F3C3001FD04D /* interviewProjectApp.swift */; };
		B2DE663E2E04F3C3001FD04D /* Assets.xcassets in Resources */ = {isa = PBXBuildFile; fileRef = B2DE66382E04F3C3001FD04D /* Assets.xcassets */; };
		B2DE66402E04F3DB001FD04D /* SideMenuView.swift in Sources */ = {isa = PBXBuildFile; fileRef = B2DE663F2E04F3DB001FD04D /* SideMenuView.swift */; };
		B2DE66422E04F3FD001FD04D /* WeatherView.swift in Sources */ = {isa = PBXBuildFile; fileRef = B2DE66412E04F3FD001FD04D /* WeatherView.swift */; };
		B2DE66442E04F4D2001FD04D /* RootView.swift in Sources */ = {isa = PBXBuildFile; fileRef = B2DE66432E04F4D2001FD04D /* RootView.swift */; };
		B2DE66462E04FCF0001FD04D /* CustomSegmentedControl.swift in Sources */ = {isa = PBXBuildFile; fileRef = B2DE66452E04FCF0001FD04D /* CustomSegmentedControl.swift */; };
		B2DE66482E0500CE001FD04D /* WeatherData.swift in Sources */ = {isa = PBXBuildFile; fileRef = B2DE66472E0500CE001FD04D /* WeatherData.swift */; };
		B2DE664C2E0501B7001FD04D /* Effra-Regular.ttf in Resources */ = {isa = PBXBuildFile; fileRef = B2DE664A2E0501B7001FD04D /* Effra-Regular.ttf */; };
		B2DE664D2E0501B7001FD04D /* Cairo-Regular.ttf in Resources */ = {isa = PBXBuildFile; fileRef = B2DE66492E0501B7001FD04D /* Cairo-Regular.ttf */; };
/* End PBXBuildFile section */

/* Begin PBXFileReference section */
		B2DE662A2E04F2AC001FD04D /* interviewProject.app */ = {isa = PBXFileReference; explicitFileType = wrapper.application; includeInIndex = 0; path = interviewProject.app; sourceTree = BUILT_PRODUCTS_DIR; };
		B2DE66382E04F3C3001FD04D /* Assets.xcassets */ = {isa = PBXFileReference; lastKnownFileType = folder.assetcatalog; path = Assets.xcassets; sourceTree = "<group>"; };
		B2DE66392E04F3C3001FD04D /* ContentView.swift */ = {isa = PBXFileReference; lastKnownFileType = sourcecode.swift; path = ContentView.swift; sourceTree = "<group>"; };
		B2DE663A2E04F3C3001FD04D /* interviewProjectApp.swift */ = {isa = PBXFileReference; lastKnownFileType = sourcecode.swift; path = interviewProjectApp.swift; sourceTree = "<group>"; };
		B2DE663F2E04F3DB001FD04D /* SideMenuView.swift */ = {isa = PBXFileReference; lastKnownFileType = sourcecode.swift; path = SideMenuView.swift; sourceTree = "<group>"; };
		B2DE66412E04F3FD001FD04D /* WeatherView.swift */ = {isa = PBXFileReference; lastKnownFileType = sourcecode.swift; path = WeatherView.swift; sourceTree = "<group>"; };
		B2DE66432E04F4D2001FD04D /* RootView.swift */ = {isa = PBXFileReference; lastKnownFileType = sourcecode.swift; path = RootView.swift; sourceTree = "<group>"; };
		B2DE66452E04FCF0001FD04D /* CustomSegmentedControl.swift */ = {isa = PBXFileReference; lastKnownFileType = sourcecode.swift; path = CustomSegmentedControl.swift; sourceTree = "<group>"; };
		B2DE66472E0500CE001FD04D /* WeatherData.swift */ = {isa = PBXFileReference; lastKnownFileType = sourcecode.swift; path = WeatherData.swift; sourceTree = "<group>"; };
		B2DE66492E0501B7001FD04D /* Cairo-Regular.ttf */ = {isa = PBXFileReference; lastKnownFileType = file; path = "Cairo-Regular.ttf"; sourceTree = "<group>"; };
		B2DE664A2E0501B7001FD04D /* Effra-Regular.ttf */ = {isa = PBXFileReference; lastKnownFileType = file; path = "Effra-Regular.ttf"; sourceTree = "<group>"; };
		B2DE664E2E050269001FD04D /* Info.plist */ = {isa = PBXFileReference; lastKnownFileType = text.plist; path = Info.plist; sourceTree = "<group>"; };
/* End PBXFileReference section */

/* Begin PBXFrameworksBuildPhase section */
		B2DE66272E04F2AC001FD04D /* Frameworks */ = {
			isa = PBXFrameworksBuildPhase;
			buildActionMask = 2147483647;
			files = (
			);
			runOnlyForDeploymentPostprocessing = 0;
		};
/* End PBXFrameworksBuildPhase section */

/* Begin PBXGroup section */
		B2DE66212E04F2AC001FD04D = {
			isa = PBXGroup;
			children = (
				B2DE663B2E04F3C3001FD04D /* interviewProject */,
				B2DE662B2E04F2AC001FD04D /* Products */,
			);
			sourceTree = "<group>";
		};
		B2DE662B2E04F2AC001FD04D /* Products */ = {
			isa = PBXGroup;
			children = (
				B2DE662A2E04F2AC001FD04D /* interviewProject.app */,
			);
			name = Products;
			sourceTree = "<group>";
		};
		B2DE663B2E04F3C3001FD04D /* interviewProject */ = {
			isa = PBXGroup;
			children = (
				B2DE664E2E050269001FD04D /* Info.plist */,
				B2DE66382E04F3C3001FD04D /* Assets.xcassets */,
				B2DE66432E04F4D2001FD04D /* RootView.swift */,
				B2DE66392E04F3C3001FD04D /* ContentView.swift */,
				B2DE66452E04FCF0001FD04D /* CustomSegmentedControl.swift */,
				B2DE663F2E04F3DB001FD04D /* SideMenuView.swift */,
				B2DE66412E04F3FD001FD04D /* WeatherView.swift */,
				B2DE66472E0500CE001FD04D /* WeatherData.swift */,
				B2DE663A2E04F3C3001FD04D /* interviewProjectApp.swift */,
				B2DE664B2E0501B7001FD04D /* Fonts */,
			);
			path = interviewProject;
			sourceTree = "<group>";
		};
		B2DE664B2E0501B7001FD04D /* Fonts */ = {
			isa = PBXGroup;
			children = (
				B2DE66492E0501B7001FD04D /* Cairo-Regular.ttf */,
				B2DE664A2E0501B7001FD04D /* Effra-Regular.ttf */,
			);
			path = Fonts;
			sourceTree = "<group>";
		};
/* End PBXGroup section */

/* Begin PBXNativeTarget section */
		B2DE66292E04F2AC001FD04D /* interviewProject */ = {
			isa = PBXNativeTarget;
			buildConfigurationList = B2DE66352E04F2AE001FD04D /* Build configuration list for PBXNativeTarget "interviewProject" */;
			buildPhases = (
				B2DE66262E04F2AC001FD04D /* Sources */,
				B2DE66272E04F2AC001FD04D /* Frameworks */,
				B2DE66282E04F2AC001FD04D /* Resources */,
			);
			buildRules = (
			);
			dependencies = (
			);
			name = interviewProject;
			packageProductDependencies = (
			);
			productName = interviewProject;
			productReference = B2DE662A2E04F2AC001FD04D /* interviewProject.app */;
			productType = "com.apple.product-type.application";
		};
/* End PBXNativeTarget section */

/* Begin PBXProject section */
		B2DE66222E04F2AC001FD04D /* Project object */ = {
			isa = PBXProject;
			attributes = {
				BuildIndependentTargetsInParallel = 1;
				LastSwiftUpdateCheck = 1640;
				LastUpgradeCheck = 1640;
				TargetAttributes = {
					B2DE66292E04F2AC001FD04D = {
						CreatedOnToolsVersion = 16.4;
					};
				};
			};
			buildConfigurationList = B2DE66252E04F2AC001FD04D /* Build configuration list for PBXProject "interviewProject" */;
			developmentRegion = en;
			hasScannedForEncodings = 0;
			knownRegions = (
				en,
				Base,
			);
			mainGroup = B2DE66212E04F2AC001FD04D;
			minimizedProjectReferenceProxies = 1;
			preferredProjectObjectVersion = 77;
			productRefGroup = B2DE662B2E04F2AC001FD04D /* Products */;
			projectDirPath = "";
			projectRoot = "";
			targets = (
				B2DE66292E04F2AC001FD04D /* interviewProject */,
			);
		};
/* End PBXProject section */

/* Begin PBXResourcesBuildPhase section */
		B2DE66282E04F2AC001FD04D /* Resources */ = {
			isa = PBXResourcesBuildPhase;
			buildActionMask = 2147483647;
			files = (
				B2DE664C2E0501B7001FD04D /* Effra-Regular.ttf in Resources */,
				B2DE664D2E0501B7001FD04D /* Cairo-Regular.ttf in Resources */,
				B2DE663E2E04F3C3001FD04D /* Assets.xcassets in Resources */,
			);
			runOnlyForDeploymentPostprocessing = 0;
		};
/* End PBXResourcesBuildPhase section */

/* Begin PBXSourcesBuildPhase section */
		B2DE66262E04F2AC001FD04D /* Sources */ = {
			isa = PBXSourcesBuildPhase;
			buildActionMask = 2147483647;
			files = (
				B2DE66402E04F3DB001FD04D /* SideMenuView.swift in Sources */,
				B2DE663C2E04F3C3001FD04D /* ContentView.swift in Sources */,
				B2DE66482E0500CE001FD04D /* WeatherData.swift in Sources */,
				B2DE663D2E04F3C3001FD04D /* interviewProjectApp.swift in Sources */,
				B2DE66422E04F3FD001FD04D /* WeatherView.swift in Sources */,
				B2DE66442E04F4D2001FD04D /* RootView.swift in Sources */,
				B2DE66462E04FCF0001FD04D /* CustomSegmentedControl.swift in Sources */,
			);
			runOnlyForDeploymentPostprocessing = 0;
		};
/* End PBXSourcesBuildPhase section */

/* Begin XCBuildConfiguration section */
		B2DE66332E04F2AE001FD04D /* Debug */ = {
			isa = XCBuildConfiguration;
			buildSettings = {
				ALWAYS_SEARCH_USER_PATHS = NO;
				ASSETCATALOG_COMPILER_GENERATE_SWIFT_ASSET_SYMBOL_EXTENSIONS = YES;
				CLANG_ANALYZER_NONNULL = YES;
				CLANG_ANALYZER_NUMBER_OBJECT_CONVERSION = YES_AGGRESSIVE;
				CLANG_CXX_LANGUAGE_STANDARD = "gnu++20";
				CLANG_ENABLE_MODULES = YES;
				CLANG_ENABLE_OBJC_ARC = YES;
				CLANG_ENABLE_OBJC_WEAK = YES;
				CLANG_WARN_BLOCK_CAPTURE_AUTORELEASING = YES;
				CLANG_WARN_BOOL_CONVERSION = YES;
				CLANG_WARN_COMMA = YES;
				CLANG_WARN_CONSTANT_CONVERSION = YES;
				CLANG_WARN_DEPRECATED_OBJC_IMPLEMENTATIONS = YES;
				CLANG_WARN_DIRECT_OBJC_ISA_USAGE = YES_ERROR;
				CLANG_WARN_DOCUMENTATION_COMMENTS = YES;
				CLANG_WARN_EMPTY_BODY = YES;
				CLANG_WARN_ENUM_CONVERSION = YES;
				CLANG_WARN_INFINITE_RECURSION = YES;
				CLANG_WARN_INT_CONVERSION = YES;
				CLANG_WARN_NON_LITERAL_NULL_CONVERSION = YES;
				CLANG_WARN_OBJC_IMPLICIT_RETAIN_SELF = YES;
				CLANG_WARN_OBJC_LITERAL_CONVERSION = YES;
				CLANG_WARN_OBJC_ROOT_CLASS = YES_ERROR;
				CLANG_WARN_QUOTED_INCLUDE_IN_FRAMEWORK_HEADER = YES;
				CLANG_WARN_RANGE_LOOP_ANALYSIS = YES;
				CLANG_WARN_STRICT_PROTOTYPES = YES;
				CLANG_WARN_SUSPICIOUS_MOVE = YES;
				CLANG_WARN_UNGUARDED_AVAILABILITY = YES_AGGRESSIVE;
				CLANG_WARN_UNREACHABLE_CODE = YES;
				CLANG_WARN__DUPLICATE_METHOD_MATCH = YES;
				COPY_PHASE_STRIP = NO;
				DEBUG_INFORMATION_FORMAT = dwarf;
				DEVELOPMENT_TEAM = VNBR7ALME7;
				ENABLE_STRICT_OBJC_MSGSEND = YES;
				ENABLE_TESTABILITY = YES;
				ENABLE_USER_SCRIPT_SANDBOXING = YES;
				GCC_C_LANGUAGE_STANDARD = gnu17;
				GCC_DYNAMIC_NO_PIC = NO;
				GCC_NO_COMMON_BLOCKS = YES;
				GCC_OPTIMIZATION_LEVEL = 0;
				GCC_PREPROCESSOR_DEFINITIONS = (
					"DEBUG=1",
					"$(inherited)",
				);
				GCC_WARN_64_TO_32_BIT_CONVERSION = YES;
				GCC_WARN_ABOUT_RETURN_TYPE = YES_ERROR;
				GCC_WARN_UNDECLARED_SELECTOR = YES;
				GCC_WARN_UNINITIALIZED_AUTOS = YES_AGGRESSIVE;
				GCC_WARN_UNUSED_FUNCTION = YES;
				GCC_WARN_UNUSED_VARIABLE = YES;
				IPHONEOS_DEPLOYMENT_TARGET = 18.5;
				LOCALIZATION_PREFERS_STRING_CATALOGS = YES;
				MTL_ENABLE_DEBUG_INFO = INCLUDE_SOURCE;
				MTL_FAST_MATH = YES;
				ONLY_ACTIVE_ARCH = YES;
				SDKROOT = iphoneos;
				SWIFT_ACTIVE_COMPILATION_CONDITIONS = "DEBUG $(inherited)";
				SWIFT_OPTIMIZATION_LEVEL = "-Onone";
			};
			name = Debug;
		};
		B2DE66342E04F2AE001FD04D /* Release */ = {
			isa = XCBuildConfiguration;
			buildSettings = {
				ALWAYS_SEARCH_USER_PATHS = NO;
				ASSETCATALOG_COMPILER_GENERATE_SWIFT_ASSET_SYMBOL_EXTENSIONS = YES;
				CLANG_ANALYZER_NONNULL = YES;
				CLANG_ANALYZER_NUMBER_OBJECT_CONVERSION = YES_AGGRESSIVE;
				CLANG_CXX_LANGUAGE_STANDARD = "gnu++20";
				CLANG_ENABLE_MODULES = YES;
				CLANG_ENABLE_OBJC_ARC = YES;
				CLANG_ENABLE_OBJC_WEAK = YES;
				CLANG_WARN_BLOCK_CAPTURE_AUTORELEASING = YES;
				CLANG_WARN_BOOL_CONVERSION = YES;
				CLANG_WARN_COMMA = YES;
				CLANG_WARN_CONSTANT_CONVERSION = YES;
				CLANG_WARN_DEPRECATED_OBJC_IMPLEMENTATIONS = YES;
				CLANG_WARN_DIRECT_OBJC_ISA_USAGE = YES_ERROR;
				CLANG_WARN_DOCUMENTATION_COMMENTS = YES;
				CLANG_WARN_EMPTY_BODY = YES;
				CLANG_WARN_ENUM_CONVERSION = YES;
				CLANG_WARN_INFINITE_RECURSION = YES;
				CLANG_WARN_INT_CONVERSION = YES;
				CLANG_WARN_NON_LITERAL_NULL_CONVERSION = YES;
				CLANG_WARN_OBJC_IMPLICIT_RETAIN_SELF = YES;
				CLANG_WARN_OBJC_LITERAL_CONVERSION = YES;
				CLANG_WARN_OBJC_ROOT_CLASS = YES_ERROR;
				CLANG_WARN_QUOTED_INCLUDE_IN_FRAMEWORK_HEADER = YES;
				CLANG_WARN_RANGE_LOOP_ANALYSIS = YES;
				CLANG_WARN_STRICT_PROTOTYPES = YES;
				CLANG_WARN_SUSPICIOUS_MOVE = YES;
				CLANG_WARN_UNGUARDED_AVAILABILITY = YES_AGGRESSIVE;
				CLANG_WARN_UNREACHABLE_CODE = YES;
				CLANG_WARN__DUPLICATE_METHOD_MATCH = YES;
				COPY_PHASE_STRIP = NO;
				DEBUG_INFORMATION_FORMAT = "dwarf-with-dsym";
				DEVELOPMENT_TEAM = VNBR7ALME7;
				ENABLE_NS_ASSERTIONS = NO;
				ENABLE_STRICT_OBJC_MSGSEND = YES;
				ENABLE_USER_SCRIPT_SANDBOXING = YES;
				GCC_C_LANGUAGE_STANDARD = gnu17;
				GCC_NO_COMMON_BLOCKS = YES;
				GCC_WARN_64_TO_32_BIT_CONVERSION = YES;
				GCC_WARN_ABOUT_RETURN_TYPE = YES_ERROR;
				GCC_WARN_UNDECLARED_SELECTOR = YES;
				GCC_WARN_UNINITIALIZED_AUTOS = YES_AGGRESSIVE;
				GCC_WARN_UNUSED_FUNCTION = YES;
				GCC_WARN_UNUSED_VARIABLE = YES;
				IPHONEOS_DEPLOYMENT_TARGET = 18.5;
				LOCALIZATION_PREFERS_STRING_CATALOGS = YES;
				MTL_ENABLE_DEBUG_INFO = NO;
				MTL_FAST_MATH = YES;
				SDKROOT = iphoneos;
				SWIFT_COMPILATION_MODE = wholemodule;
				VALIDATE_PRODUCT = YES;
			};
			name = Release;
		};
		B2DE66362E04F2AE001FD04D /* Debug */ = {
			isa = XCBuildConfiguration;
			buildSettings = {
				ASSETCATALOG_COMPILER_APPICON_NAME = AppIcon;
				ASSETCATALOG_COMPILER_GLOBAL_ACCENT_COLOR_NAME = AccentColor;
				CODE_SIGN_STYLE = Automatic;
				CURRENT_PROJECT_VERSION = 1;
				DEVELOPMENT_TEAM = NWR6SYGSHG;
				ENABLE_PREVIEWS = YES;
				GENERATE_INFOPLIST_FILE = YES;
				INFOPLIST_FILE = interviewProject/Info.plist;
				INFOPLIST_KEY_UIApplicationSceneManifest_Generation = YES;
				INFOPLIST_KEY_UIApplicationSupportsIndirectInputEvents = YES;
				INFOPLIST_KEY_UILaunchScreen_Generation = YES;
				INFOPLIST_KEY_UIRequiresFullScreen = YES;
				INFOPLIST_KEY_UISupportedInterfaceOrientations = UIInterfaceOrientationPortrait;
				INFOPLIST_KEY_UIUserInterfaceStyle = Light;
				LD_RUNPATH_SEARCH_PATHS = (
					"$(inherited)",
					"@executable_path/Frameworks",
				);
				MARKETING_VERSION = 1.0;
				PRODUCT_BUNDLE_IDENTIFIER = com.jango.interviewProject;
				PRODUCT_NAME = "$(TARGET_NAME)";
				SWIFT_EMIT_LOC_STRINGS = YES;
				SWIFT_VERSION = 5.0;
				TARGETED_DEVICE_FAMILY = "1,2";
			};
			name = Debug;
		};
		B2DE66372E04F2AE001FD04D /* Release */ = {
			isa = XCBuildConfiguration;
			buildSettings = {
				ASSETCATALOG_COMPILER_APPICON_NAME = AppIcon;
				ASSETCATALOG_COMPILER_GLOBAL_ACCENT_COLOR_NAME = AccentColor;
				CODE_SIGN_STYLE = Automatic;
				CURRENT_PROJECT_VERSION = 1;
				DEVELOPMENT_TEAM = NWR6SYGSHG;
				ENABLE_PREVIEWS = YES;
				GENERATE_INFOPLIST_FILE = YES;
				INFOPLIST_FILE = interviewProject/Info.plist;
				INFOPLIST_KEY_UIApplicationSceneManifest_Generation = YES;
				INFOPLIST_KEY_UIApplicationSupportsIndirectInputEvents = YES;
				INFOPLIST_KEY_UILaunchScreen_Generation = YES;
				INFOPLIST_KEY_UIRequiresFullScreen = YES;
				INFOPLIST_KEY_UISupportedInterfaceOrientations = UIInterfaceOrientationPortrait;
				INFOPLIST_KEY_UIUserInterfaceStyle = Light;
				LD_RUNPATH_SEARCH_PATHS = (
					"$(inherited)",
					"@executable_path/Frameworks",
				);
				MARKETING_VERSION = 1.0;
				PRODUCT_BUNDLE_IDENTIFIER = com.jango.interviewProject;
				PRODUCT_NAME = "$(TARGET_NAME)";
				SWIFT_EMIT_LOC_STRINGS = YES;
				SWIFT_VERSION = 5.0;
				TARGETED_DEVICE_FAMILY = "1,2";
			};
			name = Release;
		};
/* End XCBuildConfiguration section */

/* Begin XCConfigurationList section */
		B2DE66252E04F2AC001FD04D /* Build configuration list for PBXProject "interviewProject" */ = {
			isa = XCConfigurationList;
			buildConfigurations = (
				B2DE66332E04F2AE001FD04D /* Debug */,
				B2DE66342E04F2AE001FD04D /* Release */,
			);
			defaultConfigurationIsVisible = 0;
			defaultConfigurationName = Release;
		};
		B2DE66352E04F2AE001FD04D /* Build configuration list for PBXNativeTarget "interviewProject" */ = {
			isa = XCConfigurationList;
			buildConfigurations = (
				B2DE66362E04F2AE001FD04D /* Debug */,
				B2DE66372E04F2AE001FD04D /* Release */,
			);
			defaultConfigurationIsVisible = 0;
			defaultConfigurationName = Release;
		};
/* End XCConfigurationList section */
	};
	rootObject = B2DE66222E04F2AC001FD04D /* Project object */;
}
